<Solution>
  <Project Path="Projeto04.PrimeiraAPI/Projeto04.PrimeiraAPI.csproj" Id="1ecc2c10-9716-4276-abe5-042d8fd08e29" />
  <Project Path="Projeto05.EntityFramework/Projeto05.EntityFramework.csproj" Id="15107eb6-a2e9-410f-aa7b-6e82ea2de504" />
  <Project Path="Projeto06.Identity/Projeto06.Identity.csproj" Id="29781c90-4668-4a2e-8378-020bce8811ae" />
  <Project Path="Projeto07.SegurancaAPI/Projeto07.SegurancaAPI.csproj" Id="ab246d61-acf8-40f7-9128-9c0cb03970e5" />
  <Project Path="ProjetoMVC/ProjetoMVC.csproj" />
</Solution>
